<?xml version="1.0" encoding="utf-8"?>
<Project ToolsVersion="4.0" xmlns="http://schemas.microsoft.com/developer/msbuild/2003">
  <ItemGroup>
    <Filter Include="Source Files">
      <UniqueIdentifier>{4FC737F1-C7A5-4376-A066-2A32D752A2FF}</UniqueIdentifier>
      <Extensions>cpp;c;cc;cxx;c++;cppm;ixx;def;odl;idl;hpj;bat;asm;asmx</Extensions>
    </Filter>
    <Filter Include="Header Files">
      <UniqueIdentifier>{93995380-89BD-4b04-88EB-625FBE52EBFB}</UniqueIdentifier>
      <Extensions>h;hh;hpp;hxx;h++;hm;inl;inc;ipp;xsd</Extensions>
    </Filter>
    <Filter Include="Header Files\utility">
      <UniqueIdentifier>{946395c7-14ad-4f62-bdb9-8a6c7ef778ee}</UniqueIdentifier>
    </Filter>
    <Filter Include="Header Files\window_manager">
      <UniqueIdentifier>{ecc1a762-625a-4433-8d36-cdb5e08234d9}</UniqueIdentifier>
    </Filter>
    <Filter Include="Source Files\window_manager">
      <UniqueIdentifier>{bac085c5-316c-465e-b677-1ff56510cac2}</UniqueIdentifier>
    </Filter>
    <Filter Include="Source Files\utility">
      <UniqueIdentifier>{47b317dd-cef7-484a-80fb-1fca8700c418}</UniqueIdentifier>
    </Filter>
    <Filter Include="Source Files\shaders">
      <UniqueIdentifier>{786b4168-45f4-4f7a-9ecd-431eb0d26509}</UniqueIdentifier>
    </Filter>
    <Filter Include="Header Files\extension_loader">
      <UniqueIdentifier>{f43f5127-5c18-417f-9a1d-2dce46203690}</UniqueIdentifier>
    </Filter>
    <Filter Include="Source Files\extension_loader">
      <UniqueIdentifier>{3ae496ee-39ef-4f6f-a165-eed286e306e2}</UniqueIdentifier>
    </Filter>
    <Filter Include="Header Files\ingredients">
      <UniqueIdentifier>{054e97eb-aaf0-4e12-9038-d9661c861425}</UniqueIdentifier>
    </Filter>
    <Filter Include="Header Files\shaders">
      <UniqueIdentifier>{46934b70-bbb4-4ccf-94e2-d174ea60b1b1}</UniqueIdentifier>
    </Filter>
    <Filter Include="Source Files\ingredients">
      <UniqueIdentifier>{19c25d23-fa02-447c-b00c-6af24be3a54b}</UniqueIdentifier>
    </Filter>
    <Filter Include="Header Files\state_manager">
      <UniqueIdentifier>{45e61d0c-3feb-43df-a6e3-720c07f4cd06}</UniqueIdentifier>
    </Filter>
    <Filter Include="Source Files\state_manager">
      <UniqueIdentifier>{f92e4dc4-8aa6-4351-80cb-dd8e81b69f34}</UniqueIdentifier>
    </Filter>
    <Filter Include="Docs">
      <UniqueIdentifier>{c5e36117-a929-4dd7-a3e7-74453c6c8c3b}</UniqueIdentifier>
    </Filter>
  </ItemGroup>
  <ItemGroup>
    <None Include="..\src\shaders\color_shading_fragment.hlsl">
      <Filter>Source Files\shaders</Filter>
    </None>
    <None Include="..\src\shaders\color_shading_vertex.hlsl">
      <Filter>Source Files\shaders</Filter>
    </None>
    <None Include="..\coding_style.md">
      <Filter>Docs</Filter>
    </None>
    <None Include="..\license">
      <Filter>Docs</Filter>
    </None>
    <None Include="..\readme.md">
      <Filter>Docs</Filter>
    </None>
    <None Include="..\todo.md">
      <Filter>Docs</Filter>
    </None>
  </ItemGroup>
  <ItemGroup>
    <ClInclude Include="..\src\game.hpp">
      <Filter>Header Files</Filter>
    </ClInclude>
    <ClInclude Include="..\src\extension_loader\extension_loader.hpp">
      <Filter>Header Files\extension_loader</Filter>
    </ClInclude>
	<ClInclude Include="..\src\extension_loader\extension_loader_glad_glfw.hpp">
      <Filter>Header Files\extension_loader</Filter>
    </ClInclude>
    <ClInclude Include="..\src\extension_loader\extension_loader_glad_sdl.hpp">
      <Filter>Header Files\extension_loader</Filter>
    </ClInclude>
    <ClInclude Include="..\src\extension_loader\extension_loader_glew.hpp">
      <Filter>Header Files\extension_loader</Filter>
    </ClInclude>
    <ClInclude Include="..\src\ingredients\color.h">
      <Filter>Header Files\ingredients</Filter>
    </ClInclude>
    <ClInclude Include="..\src\ingredients\position.h">
      <Filter>Header Files\ingredients</Filter>
    </ClInclude>
    <ClInclude Include="..\src\ingredients\sprite.hpp">
      <Filter>Header Files\ingredients</Filter>
    </ClInclude>
    <ClInclude Include="..\src\ingredients\vertex.hpp">
      <Filter>Header Files\ingredients</Filter>
    </ClInclude>
    <ClInclude Include="..\src\shaders\glsl_program.hpp">
      <Filter>Header Files\shaders</Filter>
    </ClInclude>
    <ClInclude Include="..\src\utility\constants.hpp">
      <Filter>Header Files\utility</Filter>
    </ClInclude>
    <ClInclude Include="..\src\utility\helper.hpp">
      <Filter>Header Files\utility</Filter>
    </ClInclude>
    <ClInclude Include="..\src\utility\io_manager.hpp">
      <Filter>Header Files\utility</Filter>
    </ClInclude>
    <ClInclude Include="..\src\utility\logger.hpp">
      <Filter>Header Files\utility</Filter>
    </ClInclude>
    <ClInclude Include="..\src\window_manager\window_manager.hpp">
      <Filter>Header Files\window_manager</Filter>
    </ClInclude>
    <ClInclude Include="..\src\window_manager\window_manager_glfw.hpp">
      <Filter>Header Files\window_manager</Filter>
    </ClInclude>
    <ClInclude Include="..\src\window_manager\window_manager_sdl.hpp">
      <Filter>Header Files\window_manager</Filter>
    </ClInclude>
    <ClInclude Include="..\src\state_manager\context.hpp">
      <Filter>Header Files\state_manager</Filter>
    </ClInclude>
    <ClInclude Include="..\src\state_manager\state.hpp">
      <Filter>Header Files\state_manager</Filter>
    </ClInclude>
    <ClInclude Include="..\src\state_manager\app_state_exit.hpp">
      <Filter>Header Files\state_manager</Filter>
    </ClInclude>
    <ClInclude Include="..\src\state_manager\app_state_running.hpp">
      <Filter>Header Files\state_manager</Filter>
    </ClInclude>
  </ItemGroup>
  <ItemGroup>
    <ClCompile Include="..\deps\src\glad.c">
      <Filter>Source Files\extension_loader</Filter>
    </ClCompile>
    <ClCompile Include="..\src\game.cpp">
      <Filter>Source Files</Filter>
    </ClCompile>
    <ClCompile Include="..\src\main.cpp">
      <Filter>Source Files</Filter>
    </ClCompile>
	<ClCompile Include="..\src\extension_loader\extension_loader_glad_glfw.cpp">
      <Filter>Source Files\extension_loader</Filter>
    </ClCompile>
    <ClCompile Include="..\src\extension_loader\extension_loader_glad_sdl.cpp">
      <Filter>Source Files\extension_loader</Filter>
    </ClCompile>
    <ClCompile Include="..\src\extension_loader\extension_loader_glew.cpp">
      <Filter>Source Files\extension_loader</Filter>
    </ClCompile>
    <ClCompile Include="..\src\ingredients\sprite.cpp">
      <Filter>Source Files\ingredients</Filter>
    </ClCompile>
    <ClCompile Include="..\src\shaders\glsl_program.cpp">
      <Filter>Source Files\shaders</Filter>
    </ClCompile>
    <ClCompile Include="..\src\utility\io_manager.cpp">
      <Filter>Source Files\utility</Filter>
    </ClCompile>
    <ClCompile Include="..\src\utility\logger.cpp">
      <Filter>Source Files\utility</Filter>
    </ClCompile>
    <ClCompile Include="..\src\window_manager\window_manager_glfw.cpp">
      <Filter>Source Files\window_manager</Filter>
    </ClCompile>
    <ClCompile Include="..\src\window_manager\window_manager_sdl.cpp">
      <Filter>Source Files\window_manager</Filter>
    </ClCompile>
    <ClCompile Include="..\src\state_manager\app_state_exit.cpp">
      <Filter>Source Files\state_manager</Filter>
    </ClCompile>
    <ClCompile Include="..\src\state_manager\app_state_running.cpp">
      <Filter>Source Files\state_manager</Filter>
    </ClCompile>
    <ClCompile Include="..\src\state_manager\context.cpp">
      <Filter>Source Files\state_manager</Filter>
    </ClCompile>
    <ClCompile Include="..\src\utility\helper.cpp">
      <Filter>Source Files\utility</Filter>
    </ClCompile>
  </ItemGroup>
</Project>